// !$*UTF8*$!
{
	archiveVersion = 1;
	classes = {
	};
	objectVersion = 56;
	objects = {

/* Begin PBXBuildFile section */
		AE03628D2B307BBE003C7720 /* Musics in Resources */ = {isa = PBXBuildFile; fileRef = AE03628C2B307BBD003C7720 /* Musics */; };
		AE0362912B30A2C6003C7720 /* AudioBooks in Resources */ = {isa = PBXBuildFile; fileRef = AE0362902B30A2C6003C7720 /* AudioBooks */; };
		AE0362942B30AAB2003C7720 /* Assets.xcassets in Resources */ = {isa = PBXBuildFile; fileRef = AE0362932B30AA7A003C7720 /* Assets.xcassets */; };
		AE3071302B306882000751A3 /* FitnessPageView.swift in Sources */ = {isa = PBXBuildFile; fileRef = AE30712F2B306882000751A3 /* FitnessPageView.swift */; };
		AE3071332B3068C8000751A3 /* CarouselView.swift in Sources */ = {isa = PBXBuildFile; fileRef = AE3071322B3068C8000751A3 /* CarouselView.swift */; };
		AE3071352B3068D2000751A3 /* WeeklyActivitySummaryView.swift in Sources */ = {isa = PBXBuildFile; fileRef = AE3071342B3068D2000751A3 /* WeeklyActivitySummaryView.swift */; };
		AE3071372B3068FC000751A3 /* WorkoutBoxView.swift in Sources */ = {isa = PBXBuildFile; fileRef = AE3071362B3068FC000751A3 /* WorkoutBoxView.swift */; };
		AE3071392B30691C000751A3 /* MusicBoxView.swift in Sources */ = {isa = PBXBuildFile; fileRef = AE3071382B30691C000751A3 /* MusicBoxView.swift */; };
		AEAA115C2B2D9DC800D210AB /* BodyRhythmApp.swift in Sources */ = {isa = PBXBuildFile; fileRef = AEAA115B2B2D9DC800D210AB /* BodyRhythmApp.swift */; };
		AEAA115E2B2D9DC800D210AB /* ContentView.swift in Sources */ = {isa = PBXBuildFile; fileRef = AEAA115D2B2D9DC800D210AB /* ContentView.swift */; };
		AEAA11602B2D9DC800D210AB /* Item.swift in Sources */ = {isa = PBXBuildFile; fileRef = AEAA115F2B2D9DC800D210AB /* Item.swift */; };
		AEAA11652B2D9DC900D210AB /* Preview Assets.xcassets in Resources */ = {isa = PBXBuildFile; fileRef = AEAA11642B2D9DC900D210AB /* Preview Assets.xcassets */; };
		AEAA11702B2DA08100D210AB /* BookPage.swift in Sources */ = {isa = PBXBuildFile; fileRef = AEAA116F2B2DA08100D210AB /* BookPage.swift */; };
		AEAA11722B2DA08400D210AB /* BookView.swift in Sources */ = {isa = PBXBuildFile; fileRef = AEAA11712B2DA08400D210AB /* BookView.swift */; };
		AEAA117D2B2DCD6000D210AB /* TapBar.swift in Sources */ = {isa = PBXBuildFile; fileRef = AEAA117C2B2DCD6000D210AB /* TapBar.swift */; };
		AEAA117F2B2DD0CC00D210AB /* WelcomePage.swift in Sources */ = {isa = PBXBuildFile; fileRef = AEAA117E2B2DD0CC00D210AB /* WelcomePage.swift */; };
		AEAA11812B2DD0DD00D210AB /* ProfilePage.swift in Sources */ = {isa = PBXBuildFile; fileRef = AEAA11802B2DD0DD00D210AB /* ProfilePage.swift */; };
		AEAA11872B2FAEF100D210AB /* MusicView.swift in Sources */ = {isa = PBXBuildFile; fileRef = AEAA11862B2FAEF100D210AB /* MusicView.swift */; };
/* End PBXBuildFile section */

/* Begin PBXFileReference section */
		AE03628C2B307BBD003C7720 /* Musics */ = {isa = PBXFileReference; lastKnownFileType = folder; path = Musics; sourceTree = "<group>"; };
		AE0362902B30A2C6003C7720 /* AudioBooks */ = {isa = PBXFileReference; lastKnownFileType = folder; path = AudioBooks; sourceTree = "<group>"; };
		AE0362932B30AA7A003C7720 /* Assets.xcassets */ = {isa = PBXFileReference; lastKnownFileType = folder.assetcatalog; path = Assets.xcassets; sourceTree = "<group>"; };
		AE30712F2B306882000751A3 /* FitnessPageView.swift */ = {isa = PBXFileReference; fileEncoding = 4; lastKnownFileType = sourcecode.swift; path = FitnessPageView.swift; sourceTree = "<group>"; };
		AE3071322B3068C8000751A3 /* CarouselView.swift */ = {isa = PBXFileReference; fileEncoding = 4; lastKnownFileType = sourcecode.swift; path = CarouselView.swift; sourceTree = "<group>"; };
		AE3071342B3068D2000751A3 /* WeeklyActivitySummaryView.swift */ = {isa = PBXFileReference; fileEncoding = 4; lastKnownFileType = sourcecode.swift; path = WeeklyActivitySummaryView.swift; sourceTree = "<group>"; };
		AE3071362B3068FC000751A3 /* WorkoutBoxView.swift */ = {isa = PBXFileReference; fileEncoding = 4; lastKnownFileType = sourcecode.swift; path = WorkoutBoxView.swift; sourceTree = "<group>"; };
		AE3071382B30691C000751A3 /* MusicBoxView.swift */ = {isa = PBXFileReference; fileEncoding = 4; lastKnownFileType = sourcecode.swift; path = MusicBoxView.swift; sourceTree = "<group>"; };
		AEAA11582B2D9DC800D210AB /* BodyRhythm.app */ = {isa = PBXFileReference; explicitFileType = wrapper.application; includeInIndex = 0; path = BodyRhythm.app; sourceTree = BUILT_PRODUCTS_DIR; };
		AEAA115B2B2D9DC800D210AB /* BodyRhythmApp.swift */ = {isa = PBXFileReference; lastKnownFileType = sourcecode.swift; path = BodyRhythmApp.swift; sourceTree = "<group>"; };
		AEAA115D2B2D9DC800D210AB /* ContentView.swift */ = {isa = PBXFileReference; lastKnownFileType = sourcecode.swift; path = ContentView.swift; sourceTree = "<group>"; };
		AEAA115F2B2D9DC800D210AB /* Item.swift */ = {isa = PBXFileReference; lastKnownFileType = sourcecode.swift; path = Item.swift; sourceTree = "<group>"; };
		AEAA11642B2D9DC900D210AB /* Preview Assets.xcassets */ = {isa = PBXFileReference; lastKnownFileType = folder.assetcatalog; path = "Preview Assets.xcassets"; sourceTree = "<group>"; };
		AEAA116F2B2DA08100D210AB /* BookPage.swift */ = {isa = PBXFileReference; lastKnownFileType = sourcecode.swift; path = BookPage.swift; sourceTree = "<group>"; };
		AEAA11712B2DA08400D210AB /* BookView.swift */ = {isa = PBXFileReference; lastKnownFileType = sourcecode.swift; path = BookView.swift; sourceTree = "<group>"; };
		AEAA117C2B2DCD6000D210AB /* TapBar.swift */ = {isa = PBXFileReference; lastKnownFileType = sourcecode.swift; path = TapBar.swift; sourceTree = "<group>"; };
		AEAA117E2B2DD0CC00D210AB /* WelcomePage.swift */ = {isa = PBXFileReference; lastKnownFileType = sourcecode.swift; path = WelcomePage.swift; sourceTree = "<group>"; };
		AEAA11802B2DD0DD00D210AB /* ProfilePage.swift */ = {isa = PBXFileReference; lastKnownFileType = sourcecode.swift; path = ProfilePage.swift; sourceTree = "<group>"; };
		AEAA11862B2FAEF100D210AB /* MusicView.swift */ = {isa = PBXFileReference; lastKnownFileType = sourcecode.swift; path = MusicView.swift; sourceTree = "<group>"; };
/* End PBXFileReference section */

/* Begin PBXFrameworksBuildPhase section */
		AEAA11552B2D9DC800D210AB /* Frameworks */ = {
			isa = PBXFrameworksBuildPhase;
			buildActionMask = 2147483647;
			files = (
			);
			runOnlyForDeploymentPostprocessing = 0;
		};
/* End PBXFrameworksBuildPhase section */

/* Begin PBXGroup section */
		AE3071312B306895000751A3 /* Fitness */ = {
			isa = PBXGroup;
			children = (
				AE30712F2B306882000751A3 /* FitnessPageView.swift */,
				AE3071382B30691C000751A3 /* MusicBoxView.swift */,
				AE3071362B3068FC000751A3 /* WorkoutBoxView.swift */,
				AE3071342B3068D2000751A3 /* WeeklyActivitySummaryView.swift */,
				AE3071322B3068C8000751A3 /* CarouselView.swift */,
				AE0362932B30AA7A003C7720 /* Assets.xcassets */,
			);
			name = Fitness;
			sourceTree = "<group>";
		};
		AEAA114F2B2D9DC800D210AB = {
			isa = PBXGroup;
			children = (
				AEAA115A2B2D9DC800D210AB /* BodyRhythm */,
				AEAA11592B2D9DC800D210AB /* Products */,
			);
			sourceTree = "<group>";
		};
		AEAA11592B2D9DC800D210AB /* Products */ = {
			isa = PBXGroup;
			children = (
				AEAA11582B2D9DC800D210AB /* BodyRhythm.app */,
			);
			name = Products;
			sourceTree = "<group>";
		};
		AEAA115A2B2D9DC800D210AB /* BodyRhythm */ = {
			isa = PBXGroup;
			children = (
				AEAA115B2B2D9DC800D210AB /* BodyRhythmApp.swift */,
				AEAA115D2B2D9DC800D210AB /* ContentView.swift */,
				AEAA117E2B2DD0CC00D210AB /* WelcomePage.swift */,
				AEAA11802B2DD0DD00D210AB /* ProfilePage.swift */,
				AEAA116F2B2DA08100D210AB /* BookPage.swift */,
				AEAA117C2B2DCD6000D210AB /* TapBar.swift */,
				AEAA11712B2DA08400D210AB /* BookView.swift */,
				AEAA11862B2FAEF100D210AB /* MusicView.swift */,
				AE3071312B306895000751A3 /* Fitness */,
				AEAA115F2B2D9DC800D210AB /* Item.swift */,
				AE0362902B30A2C6003C7720 /* AudioBooks */,
				AE03628C2B307BBD003C7720 /* Musics */,
				AEAA11632B2D9DC900D210AB /* Preview Content */,
			);
			path = BodyRhythm;
			sourceTree = "<group>";
		};
		AEAA11632B2D9DC900D210AB /* Preview Content */ = {
			isa = PBXGroup;
			children = (
				AEAA11642B2D9DC900D210AB /* Preview Assets.xcassets */,
			);
			path = "Preview Content";
			sourceTree = "<group>";
		};
/* End PBXGroup section */

/* Begin PBXNativeTarget section */
		AEAA11572B2D9DC800D210AB /* BodyRhythm */ = {
			isa = PBXNativeTarget;
			buildConfigurationList = AEAA11682B2D9DC900D210AB /* Build configuration list for PBXNativeTarget "BodyRhythm" */;
			buildPhases = (
				AEAA11542B2D9DC800D210AB /* Sources */,
				AEAA11552B2D9DC800D210AB /* Frameworks */,
				AEAA11562B2D9DC800D210AB /* Resources */,
			);
			buildRules = (
			);
			dependencies = (
			);
			name = BodyRhythm;
			productName = BodyRhythm;
			productReference = AEAA11582B2D9DC800D210AB /* BodyRhythm.app */;
			productType = "com.apple.product-type.application";
		};
/* End PBXNativeTarget section */

/* Begin PBXProject section */
		AEAA11502B2D9DC800D210AB /* Project object */ = {
			isa = PBXProject;
			attributes = {
				BuildIndependentTargetsInParallel = 1;
				LastSwiftUpdateCheck = 1500;
				LastUpgradeCheck = 1630;
				TargetAttributes = {
					AEAA11572B2D9DC800D210AB = {
						CreatedOnToolsVersion = 15.0;
					};
				};
			};
			buildConfigurationList = AEAA11532B2D9DC800D210AB /* Build configuration list for PBXProject "BodyRhythm" */;
			compatibilityVersion = "Xcode 14.0";
			developmentRegion = en;
			hasScannedForEncodings = 0;
			knownRegions = (
				en,
				Base,
			);
			mainGroup = AEAA114F2B2D9DC800D210AB;
			productRefGroup = AEAA11592B2D9DC800D210AB /* Products */;
			projectDirPath = "";
			projectRoot = "";
			targets = (
				AEAA11572B2D9DC800D210AB /* BodyRhythm */,
			);
		};
/* End PBXProject section */

/* Begin PBXResourcesBuildPhase section */
		AEAA11562B2D9DC800D210AB /* Resources */ = {
			isa = PBXResourcesBuildPhase;
			buildActionMask = 2147483647;
			files = (
				AE03628D2B307BBE003C7720 /* Musics in Resources */,
				AE0362912B30A2C6003C7720 /* AudioBooks in Resources */,
				AE0362942B30AAB2003C7720 /* Assets.xcassets in Resources */,
				AEAA11652B2D9DC900D210AB /* Preview Assets.xcassets in Resources */,
			);
			runOnlyForDeploymentPostprocessing = 0;
		};
/* End PBXResourcesBuildPhase section */

/* Begin PBXSourcesBuildPhase section */
		AEAA11542B2D9DC800D210AB /* Sources */ = {
			isa = PBXSourcesBuildPhase;
			buildActionMask = 2147483647;
			files = (
				AEAA115E2B2D9DC800D210AB /* ContentView.swift in Sources */,
				AE3071372B3068FC000751A3 /* WorkoutBoxView.swift in Sources */,
				AEAA11602B2D9DC800D210AB /* Item.swift in Sources */,
				AE3071332B3068C8000751A3 /* CarouselView.swift in Sources */,
				AEAA11812B2DD0DD00D210AB /* ProfilePage.swift in Sources */,
				AEAA11702B2DA08100D210AB /* BookPage.swift in Sources */,
				AE3071392B30691C000751A3 /* MusicBoxView.swift in Sources */,
				AE3071352B3068D2000751A3 /* WeeklyActivitySummaryView.swift in Sources */,
				AEAA11872B2FAEF100D210AB /* MusicView.swift in Sources */,
				AEAA117D2B2DCD6000D210AB /* TapBar.swift in Sources */,
				AEAA117F2B2DD0CC00D210AB /* WelcomePage.swift in Sources */,
				AEAA115C2B2D9DC800D210AB /* BodyRhythmApp.swift in Sources */,
				AE3071302B306882000751A3 /* FitnessPageView.swift in Sources */,
				AEAA11722B2DA08400D210AB /* BookView.swift in Sources */,
			);
			runOnlyForDeploymentPostprocessing = 0;
		};
/* End PBXSourcesBuildPhase section */

/* Begin XCBuildConfiguration section */
		AEAA11662B2D9DC900D210AB /* Debug */ = {
			isa = XCBuildConfiguration;
			buildSettings = {
				ALWAYS_SEARCH_USER_PATHS = NO;
				ASSETCATALOG_COMPILER_GENERATE_SWIFT_ASSET_SYMBOL_EXTENSIONS = YES;
				CLANG_ANALYZER_NONNULL = YES;
				CLANG_ANALYZER_NUMBER_OBJECT_CONVERSION = YES_AGGRESSIVE;
				CLANG_CXX_LANGUAGE_STANDARD = "gnu++20";
				CLANG_ENABLE_MODULES = YES;
				CLANG_ENABLE_OBJC_ARC = YES;
				CLANG_ENABLE_OBJC_WEAK = YES;
				CLANG_WARN_BLOCK_CAPTURE_AUTORELEASING = YES;
				CLANG_WARN_BOOL_CONVERSION = YES;
				CLANG_WARN_COMMA = YES;
				CLANG_WARN_CONSTANT_CONVERSION = YES;
				CLANG_WARN_DEPRECATED_OBJC_IMPLEMENTATIONS = YES;
				CLANG_WARN_DIRECT_OBJC_ISA_USAGE = YES_ERROR;
				CLANG_WARN_DOCUMENTATION_COMMENTS = YES;
				CLANG_WARN_EMPTY_BODY = YES;
				CLANG_WARN_ENUM_CONVERSION = YES;
				CLANG_WARN_INFINITE_RECURSION = YES;
				CLANG_WARN_INT_CONVERSION = YES;
				CLANG_WARN_NON_LITERAL_NULL_CONVERSION = YES;
				CLANG_WARN_OBJC_IMPLICIT_RETAIN_SELF = YES;
				CLANG_WARN_OBJC_LITERAL_CONVERSION = YES;
				CLANG_WARN_OBJC_ROOT_CLASS = YES_ERROR;
				CLANG_WARN_QUOTED_INCLUDE_IN_FRAMEWORK_HEADER = YES;
				CLANG_WARN_RANGE_LOOP_ANALYSIS = YES;
				CLANG_WARN_STRICT_PROTOTYPES = YES;
				CLANG_WARN_SUSPICIOUS_MOVE = YES;
				CLANG_WARN_UNGUARDED_AVAILABILITY = YES_AGGRESSIVE;
				CLANG_WARN_UNREACHABLE_CODE = YES;
				CLANG_WARN__DUPLICATE_METHOD_MATCH = YES;
				COPY_PHASE_STRIP = NO;
				DEBUG_INFORMATION_FORMAT = dwarf;
				DEVELOPMENT_TEAM = X339A5N9J2;
				ENABLE_STRICT_OBJC_MSGSEND = YES;
				ENABLE_TESTABILITY = YES;
				ENABLE_USER_SCRIPT_SANDBOXING = YES;
				GCC_C_LANGUAGE_STANDARD = gnu17;
				GCC_DYNAMIC_NO_PIC = NO;
				GCC_NO_COMMON_BLOCKS = YES;
				GCC_OPTIMIZATION_LEVEL = 0;
				GCC_PREPROCESSOR_DEFINITIONS = (
					"DEBUG=1",
					"$(inherited)",
				);
				GCC_WARN_64_TO_32_BIT_CONVERSION = YES;
				GCC_WARN_ABOUT_RETURN_TYPE = YES_ERROR;
				GCC_WARN_UNDECLARED_SELECTOR = YES;
				GCC_WARN_UNINITIALIZED_AUTOS = YES_AGGRESSIVE;
				GCC_WARN_UNUSED_FUNCTION = YES;
				GCC_WARN_UNUSED_VARIABLE = YES;
				IPHONEOS_DEPLOYMENT_TARGET = 17.0;
				LOCALIZATION_PREFERS_STRING_CATALOGS = YES;
				MTL_ENABLE_DEBUG_INFO = INCLUDE_SOURCE;
				MTL_FAST_MATH = YES;
				ONLY_ACTIVE_ARCH = YES;
				SDKROOT = iphoneos;
				SWIFT_ACTIVE_COMPILATION_CONDITIONS = "DEBUG $(inherited)";
				SWIFT_OPTIMIZATION_LEVEL = "-Onone";
			};
			name = Debug;
		};
		AEAA11672B2D9DC900D210AB /* Release */ = {
			isa = XCBuildConfiguration;
			buildSettings = {
				ALWAYS_SEARCH_USER_PATHS = NO;
				ASSETCATALOG_COMPILER_GENERATE_SWIFT_ASSET_SYMBOL_EXTENSIONS = YES;
				CLANG_ANALYZER_NONNULL = YES;
				CLANG_ANALYZER_NUMBER_OBJECT_CONVERSION = YES_AGGRESSIVE;
				CLANG_CXX_LANGUAGE_STANDARD = "gnu++20";
				CLANG_ENABLE_MODULES = YES;
				CLANG_ENABLE_OBJC_ARC = YES;
				CLANG_ENABLE_OBJC_WEAK = YES;
				CLANG_WARN_BLOCK_CAPTURE_AUTORELEASING = YES;
				CLANG_WARN_BOOL_CONVERSION = YES;
				CLANG_WARN_COMMA = YES;
				CLANG_WARN_CONSTANT_CONVERSION = YES;
				CLANG_WARN_DEPRECATED_OBJC_IMPLEMENTATIONS = YES;
				CLANG_WARN_DIRECT_OBJC_ISA_USAGE = YES_ERROR;
				CLANG_WARN_DOCUMENTATION_COMMENTS = YES;
				CLANG_WARN_EMPTY_BODY = YES;
				CLANG_WARN_ENUM_CONVERSION = YES;
				CLANG_WARN_INFINITE_RECURSION = YES;
				CLANG_WARN_INT_CONVERSION = YES;
				CLANG_WARN_NON_LITERAL_NULL_CONVERSION = YES;
				CLANG_WARN_OBJC_IMPLICIT_RETAIN_SELF = YES;
				CLANG_WARN_OBJC_LITERAL_CONVERSION = YES;
				CLANG_WARN_OBJC_ROOT_CLASS = YES_ERROR;
				CLANG_WARN_QUOTED_INCLUDE_IN_FRAMEWORK_HEADER = YES;
				CLANG_WARN_RANGE_LOOP_ANALYSIS = YES;
				CLANG_WARN_STRICT_PROTOTYPES = YES;
				CLANG_WARN_SUSPICIOUS_MOVE = YES;
				CLANG_WARN_UNGUARDED_AVAILABILITY = YES_AGGRESSIVE;
				CLANG_WARN_UNREACHABLE_CODE = YES;
				CLANG_WARN__DUPLICATE_METHOD_MATCH = YES;
				COPY_PHASE_STRIP = NO;
				DEBUG_INFORMATION_FORMAT = "dwarf-with-dsym";
				DEVELOPMENT_TEAM = X339A5N9J2;
				ENABLE_NS_ASSERTIONS = NO;
				ENABLE_STRICT_OBJC_MSGSEND = YES;
				ENABLE_USER_SCRIPT_SANDBOXING = YES;
				GCC_C_LANGUAGE_STANDARD = gnu17;
				GCC_NO_COMMON_BLOCKS = YES;
				GCC_WARN_64_TO_32_BIT_CONVERSION = YES;
				GCC_WARN_ABOUT_RETURN_TYPE = YES_ERROR;
				GCC_WARN_UNDECLARED_SELECTOR = YES;
				GCC_WARN_UNINITIALIZED_AUTOS = YES_AGGRESSIVE;
				GCC_WARN_UNUSED_FUNCTION = YES;
				GCC_WARN_UNUSED_VARIABLE = YES;
				IPHONEOS_DEPLOYMENT_TARGET = 17.0;
				LOCALIZATION_PREFERS_STRING_CATALOGS = YES;
				MTL_ENABLE_DEBUG_INFO = NO;
				MTL_FAST_MATH = YES;
				SDKROOT = iphoneos;
				SWIFT_COMPILATION_MODE = wholemodule;
				VALIDATE_PRODUCT = YES;
			};
			name = Release;
		};
		AEAA11692B2D9DC900D210AB /* Debug */ = {
			isa = XCBuildConfiguration;
			buildSettings = {
				ASSETCATALOG_COMPILER_APPICON_NAME = AppIcon;
				ASSETCATALOG_COMPILER_GLOBAL_ACCENT_COLOR_NAME = AccentColor;
				CODE_SIGN_STYLE = Automatic;
				CURRENT_PROJECT_VERSION = 1;
				DEVELOPMENT_ASSET_PATHS = "\"BodyRhythm/Preview Content\"";
				ENABLE_PREVIEWS = YES;
				GENERATE_INFOPLIST_FILE = YES;
				INFOPLIST_KEY_UIApplicationSceneManifest_Generation = YES;
				INFOPLIST_KEY_UIApplicationSupportsIndirectInputEvents = YES;
				INFOPLIST_KEY_UILaunchScreen_Generation = YES;
				INFOPLIST_KEY_UISupportedInterfaceOrientations_iPad = "UIInterfaceOrientationPortrait UIInterfaceOrientationPortraitUpsideDown UIInterfaceOrientationLandscapeLeft UIInterfaceOrientationLandscapeRight";
				INFOPLIST_KEY_UISupportedInterfaceOrientations_iPhone = "UIInterfaceOrientationPortrait UIInterfaceOrientationLandscapeLeft UIInterfaceOrientationLandscapeRight";
				LD_RUNPATH_SEARCH_PATHS = (
					"$(inherited)",
					"@executable_path/Frameworks",
				);
				MARKETING_VERSION = 1.0;
				PRODUCT_BUNDLE_IDENTIFIER = AzizaRahimova.BodyRhythm;
				PRODUCT_NAME = "$(TARGET_NAME)";
				SWIFT_EMIT_LOC_STRINGS = YES;
				SWIFT_VERSION = 5.0;
				TARGETED_DEVICE_FAMILY = "1,2";
			};
			name = Debug;
		};
		AEAA116A2B2D9DC900D210AB /* Release */ = {
			isa = XCBuildConfiguration;
			buildSettings = {
				ASSETCATALOG_COMPILER_APPICON_NAME = AppIcon;
				ASSETCATALOG_COMPILER_GLOBAL_ACCENT_COLOR_NAME = AccentColor;
				CODE_SIGN_STYLE = Automatic;
				CURRENT_PROJECT_VERSION = 1;
				DEVELOPMENT_ASSET_PATHS = "\"BodyRhythm/Preview Content\"";
				ENABLE_PREVIEWS = YES;
				GENERATE_INFOPLIST_FILE = YES;
				INFOPLIST_KEY_UIApplicationSceneManifest_Generation = YES;
				INFOPLIST_KEY_UIApplicationSupportsIndirectInputEvents = YES;
				INFOPLIST_KEY_UILaunchScreen_Generation = YES;
				INFOPLIST_KEY_UISupportedInterfaceOrientations_iPad = "UIInterfaceOrientationPortrait UIInterfaceOrientationPortraitUpsideDown UIInterfaceOrientationLandscapeLeft UIInterfaceOrientationLandscapeRight";
				INFOPLIST_KEY_UISupportedInterfaceOrientations_iPhone = "UIInterfaceOrientationPortrait UIInterfaceOrientationLandscapeLeft UIInterfaceOrientationLandscapeRight";
				LD_RUNPATH_SEARCH_PATHS = (
					"$(inherited)",
					"@executable_path/Frameworks",
				);
				MARKETING_VERSION = 1.0;
				PRODUCT_BUNDLE_IDENTIFIER = AzizaRahimova.BodyRhythm;
				PRODUCT_NAME = "$(TARGET_NAME)";
				SWIFT_EMIT_LOC_STRINGS = YES;
				SWIFT_VERSION = 5.0;
				TARGETED_DEVICE_FAMILY = "1,2";
			};
			name = Release;
		};
/* End XCBuildConfiguration section */

/* Begin XCConfigurationList section */
		AEAA11532B2D9DC800D210AB /* Build configuration list for PBXProject "BodyRhythm" */ = {
			isa = XCConfigurationList;
			buildConfigurations = (
				AEAA11662B2D9DC900D210AB /* Debug */,
				AEAA11672B2D9DC900D210AB /* Release */,
			);
			defaultConfigurationIsVisible = 0;
			defaultConfigurationName = Release;
		};
		AEAA11682B2D9DC900D210AB /* Build configuration list for PBXNativeTarget "BodyRhythm" */ = {
			isa = XCConfigurationList;
			buildConfigurations = (
				AEAA11692B2D9DC900D210AB /* Debug */,
				AEAA116A2B2D9DC900D210AB /* Release */,
			);
			defaultConfigurationIsVisible = 0;
			defaultConfigurationName = Release;
		};
/* End XCConfigurationList section */
	};
	rootObject = AEAA11502B2D9DC800D210AB /* Project object */;
}
